
Microsoft Visual Studio Solution File, Format Version 12.00
# Visual Studio Version 16
VisualStudioVersion = 16.0.30011.22
MinimumVisualStudioVersion = 10.0.40219.1
Project("{FAE04EC0-301F-11D3-BF4B-00C04F79EFBC}") = "CrmApp", "CrmApp\CrmApp.csproj", "{35F5CD50-D57B-4311-AD7B-6CEEF1748406}"
EndProject
Global
	GlobalSection(SolutionConfigurationPlatforms) = preSolution
		Debug|Any CPU = Debug|Any CPU
		Release|Any CPU = Release|Any CPU
	EndGlobalSection
	GlobalSection(ProjectConfigurationPlatforms) = postSolution
		{35F5CD50-D57B-4311-AD7B-6CEEF1748406}.Debug|Any CPU.ActiveCfg = Debug|Any CPU
		{35F5CD50-D57B-4311-AD7B-6CEEF1748406}.Debug|Any CPU.Build.0 = Debug|Any CPU
		{35F5CD50-D57B-4311-AD7B-6CEEF1748406}.Release|Any CPU.ActiveCfg = Release|Any CPU
		{35F5CD50-D57B-4311-AD7B-6CEEF1748406}.Release|Any CPU.Build.0 = Release|Any CPU
	EndGlobalSection
	GlobalSection(SolutionProperties) = preSolution
		HideSolutionNode = FALSE
	EndGlobalSection
	GlobalSection(ExtensibilityGlobals) = postSolution
		SolutionGuid = {051C27B2-CE13-4C12-8D94-A6887F2E8983}
	EndGlobalSection
EndGlobal
